
Microsoft Visual Studio Solution File, Format Version 12.00
# Visual Studio Version 16
VisualStudioVersion = 16.0.31515.178
MinimumVisualStudioVersion = 10.0.40219.1
Project("{8BC9CEB8-8B4A-11D0-8D11-00A0C91BC942}") = "Pointers Example", "PointersExample\PointersExample.vcxproj", "{A87D321E-3EE8-42E3-A43C-4ECCF152F5E7}"
EndProject
Project("{8BC9CEB8-8B4A-11D0-8D11-00A0C91BC942}") = "Pointers and References", "Pointers and References\Pointers and References.vcxproj", "{5CB97CE6-B593-4518-A752-C9FEC34B8DC0}"
EndProject
Project("{8BC9CEB8-8B4A-11D0-8D11-00A0C91BC942}") = "Vectors Example", "Vectors Example\Vectors Example.vcxproj", "{AB4A6EE8-7E5E-45A1-9B68-030ECC39AD3A}"
EndProject
Global
	GlobalSection(SolutionConfigurationPlatforms) = preSolution
		Debug|x64 = Debug|x64
		Debug|x86 = Debug|x86
		Release|x64 = Release|x64
		Release|x86 = Release|x86
	EndGlobalSection
	GlobalSection(ProjectConfigurationPlatforms) = postSolution
		{A87D321E-3EE8-42E3-A43C-4ECCF152F5E7}.Debug|x64.ActiveCfg = Debug|x64
		{A87D321E-3EE8-42E3-A43C-4ECCF152F5E7}.Debug|x64.Build.0 = Debug|x64
		{A87D321E-3EE8-42E3-A43C-4ECCF152F5E7}.Debug|x86.ActiveCfg = Debug|Win32
		{A87D321E-3EE8-42E3-A43C-4ECCF152F5E7}.Debug|x86.Build.0 = Debug|Win32
		{A87D321E-3EE8-42E3-A43C-4ECCF152F5E7}.Release|x64.ActiveCfg = Release|x64
		{A87D321E-3EE8-42E3-A43C-4ECCF152F5E7}.Release|x64.Build.0 = Release|x64
		{A87D321E-3EE8-42E3-A43C-4ECCF152F5E7}.Release|x86.ActiveCfg = Release|Win32
		{A87D321E-3EE8-42E3-A43C-4ECCF152F5E7}.Release|x86.Build.0 = Release|Win32
		{5CB97CE6-B593-4518-A752-C9FEC34B8DC0}.Debug|x64.ActiveCfg = Debug|x64
		{5CB97CE6-B593-4518-A752-C9FEC34B8DC0}.Debug|x64.Build.0 = Debug|x64
		{5CB97CE6-B593-4518-A752-C9FEC34B8DC0}.Debug|x86.ActiveCfg = Debug|Win32
		{5CB97CE6-B593-4518-A752-C9FEC34B8DC0}.Debug|x86.Build.0 = Debug|Win32
		{5CB97CE6-B593-4518-A752-C9FEC34B8DC0}.Release|x64.ActiveCfg = Release|x64
		{5CB97CE6-B593-4518-A752-C9FEC34B8DC0}.Release|x64.Build.0 = Release|x64
		{5CB97CE6-B593-4518-A752-C9FEC34B8DC0}.Release|x86.ActiveCfg = Release|Win32
		{5CB97CE6-B593-4518-A752-C9FEC34B8DC0}.Release|x86.Build.0 = Release|Win32
		{AB4A6EE8-7E5E-45A1-9B68-030ECC39AD3A}.Debug|x64.ActiveCfg = Debug|x64
		{AB4A6EE8-7E5E-45A1-9B68-030ECC39AD3A}.Debug|x64.Build.0 = Debug|x64
		{AB4A6EE8-7E5E-45A1-9B68-030ECC39AD3A}.Debug|x86.ActiveCfg = Debug|Win32
		{AB4A6EE8-7E5E-45A1-9B68-030ECC39AD3A}.Debug|x86.Build.0 = Debug|Win32
		{AB4A6EE8-7E5E-45A1-9B68-030ECC39AD3A}.Release|x64.ActiveCfg = Release|x64
		{AB4A6EE8-7E5E-45A1-9B68-030ECC39AD3A}.Release|x64.Build.0 = Release|x64
		{AB4A6EE8-7E5E-45A1-9B68-030ECC39AD3A}.Release|x86.ActiveCfg = Release|Win32
		{AB4A6EE8-7E5E-45A1-9B68-030ECC39AD3A}.Release|x86.Build.0 = Release|Win32
	EndGlobalSection
	GlobalSection(SolutionProperties) = preSolution
		HideSolutionNode = FALSE
	EndGlobalSection
	GlobalSection(ExtensibilityGlobals) = postSolution
		SolutionGuid = {9DEE5E1F-962A-496B-9470-CFA1F5AF49A8}
	EndGlobalSection
EndGlobal
